// !$*UTF8*$!
{
	archiveVersion = 1;
	classes = {
	};
	objectVersion = 56;
	objects = {

/* Begin PBXBuildFile section */
		AFA46B712A6DFBD50045D207 /* Todo.swift in Sources */ = {isa = PBXBuildFile; fileRef = AFA46B702A6DFBD50045D207 /* Todo.swift */; };
		AFA46B732A6DFC9A0045D207 /* Diary.swift in Sources */ = {isa = PBXBuildFile; fileRef = AFA46B722A6DFC9A0045D207 /* Diary.swift */; };
		AFCB27382A694F0C0027F4FF /* MSG_toyprojectApp.swift in Sources */ = {isa = PBXBuildFile; fileRef = AFCB27372A694F0C0027F4FF /* MSG_toyprojectApp.swift */; };
		AFCB273A2A694F0C0027F4FF /* ContentView.swift in Sources */ = {isa = PBXBuildFile; fileRef = AFCB27392A694F0C0027F4FF /* ContentView.swift */; };
		AFCB273C2A694F0E0027F4FF /* Assets.xcassets in Resources */ = {isa = PBXBuildFile; fileRef = AFCB273B2A694F0E0027F4FF /* Assets.xcassets */; };
		AFCB273F2A694F0E0027F4FF /* Preview Assets.xcassets in Resources */ = {isa = PBXBuildFile; fileRef = AFCB273E2A694F0E0027F4FF /* Preview Assets.xcassets */; };
		AFCB27412A694F0E0027F4FF /* Persistence.swift in Sources */ = {isa = PBXBuildFile; fileRef = AFCB27402A694F0E0027F4FF /* Persistence.swift */; };
		AFCB27442A694F0E0027F4FF /* MSG_toyproject.xcdatamodeld in Sources */ = {isa = PBXBuildFile; fileRef = AFCB27422A694F0E0027F4FF /* MSG_toyproject.xcdatamodeld */; };
/* End PBXBuildFile section */

/* Begin PBXFileReference section */
		AFA46B702A6DFBD50045D207 /* Todo.swift */ = {isa = PBXFileReference; lastKnownFileType = sourcecode.swift; path = Todo.swift; sourceTree = "<group>"; };
		AFA46B722A6DFC9A0045D207 /* Diary.swift */ = {isa = PBXFileReference; lastKnownFileType = sourcecode.swift; path = Diary.swift; sourceTree = "<group>"; };
		AFCB27342A694F0C0027F4FF /* MSG_toyproject.app */ = {isa = PBXFileReference; explicitFileType = wrapper.application; includeInIndex = 0; path = MSG_toyproject.app; sourceTree = BUILT_PRODUCTS_DIR; };
		AFCB27372A694F0C0027F4FF /* MSG_toyprojectApp.swift */ = {isa = PBXFileReference; lastKnownFileType = sourcecode.swift; path = MSG_toyprojectApp.swift; sourceTree = "<group>"; };
		AFCB27392A694F0C0027F4FF /* ContentView.swift */ = {isa = PBXFileReference; lastKnownFileType = sourcecode.swift; path = ContentView.swift; sourceTree = "<group>"; };
		AFCB273B2A694F0E0027F4FF /* Assets.xcassets */ = {isa = PBXFileReference; lastKnownFileType = folder.assetcatalog; path = Assets.xcassets; sourceTree = "<group>"; };
		AFCB273E2A694F0E0027F4FF /* Preview Assets.xcassets */ = {isa = PBXFileReference; lastKnownFileType = folder.assetcatalog; path = "Preview Assets.xcassets"; sourceTree = "<group>"; };
		AFCB27402A694F0E0027F4FF /* Persistence.swift */ = {isa = PBXFileReference; lastKnownFileType = sourcecode.swift; path = Persistence.swift; sourceTree = "<group>"; };
		AFCB27432A694F0E0027F4FF /* MSG_toyproject.xcdatamodel */ = {isa = PBXFileReference; lastKnownFileType = wrapper.xcdatamodel; path = MSG_toyproject.xcdatamodel; sourceTree = "<group>"; };
/* End PBXFileReference section */

/* Begin PBXFrameworksBuildPhase section */
		AFCB27312A694F0C0027F4FF /* Frameworks */ = {
			isa = PBXFrameworksBuildPhase;
			buildActionMask = 2147483647;
			files = (
			);
			runOnlyForDeploymentPostprocessing = 0;
		};
/* End PBXFrameworksBuildPhase section */

/* Begin PBXGroup section */
		AFA46B742A6DFD2B0045D207 /* View */ = {
			isa = PBXGroup;
			children = (
				AFCB27392A694F0C0027F4FF /* ContentView.swift */,
				AFA46B722A6DFC9A0045D207 /* Diary.swift */,
				AFA46B702A6DFBD50045D207 /* Todo.swift */,
			);
			path = View;
			sourceTree = "<group>";
		};
		AFCB272B2A694F0C0027F4FF = {
			isa = PBXGroup;
			children = (
				AFCB27362A694F0C0027F4FF /* MSG_toyproject */,
				AFCB27352A694F0C0027F4FF /* Products */,
			);
			sourceTree = "<group>";
		};
		AFCB27352A694F0C0027F4FF /* Products */ = {
			isa = PBXGroup;
			children = (
				AFCB27342A694F0C0027F4FF /* MSG_toyproject.app */,
			);
			name = Products;
			sourceTree = "<group>";
		};
		AFCB27362A694F0C0027F4FF /* MSG_toyproject */ = {
			isa = PBXGroup;
			children = (
				AFCB27372A694F0C0027F4FF /* MSG_toyprojectApp.swift */,
				AFA46B742A6DFD2B0045D207 /* View */,
				AFCB273B2A694F0E0027F4FF /* Assets.xcassets */,
				AFCB27402A694F0E0027F4FF /* Persistence.swift */,
				AFCB273D2A694F0E0027F4FF /* Preview Content */,
			);
			path = MSG_toyproject;
			sourceTree = "<group>";
		};
		AFCB273D2A694F0E0027F4FF /* Preview Content */ = {
			isa = PBXGroup;
			children = (
				AFCB27422A694F0E0027F4FF /* MSG_toyproject.xcdatamodeld */,
				AFCB273E2A694F0E0027F4FF /* Preview Assets.xcassets */,
			);
			path = "Preview Content";
			sourceTree = "<group>";
		};
/* End PBXGroup section */

/* Begin PBXNativeTarget section */
		AFCB27332A694F0C0027F4FF /* MSG_toyproject */ = {
			isa = PBXNativeTarget;
			buildConfigurationList = AFCB27472A694F0E0027F4FF /* Build configuration list for PBXNativeTarget "MSG_toyproject" */;
			buildPhases = (
				AFCB27302A694F0C0027F4FF /* Sources */,
				AFCB27312A694F0C0027F4FF /* Frameworks */,
				AFCB27322A694F0C0027F4FF /* Resources */,
			);
			buildRules = (
			);
			dependencies = (
			);
			name = MSG_toyproject;
			productName = MSG_toyproject;
			productReference = AFCB27342A694F0C0027F4FF /* MSG_toyproject.app */;
			productType = "com.apple.product-type.application";
		};
/* End PBXNativeTarget section */

/* Begin PBXProject section */
		AFCB272C2A694F0C0027F4FF /* Project object */ = {
			isa = PBXProject;
			attributes = {
				BuildIndependentTargetsInParallel = 1;
				LastSwiftUpdateCheck = 1430;
				LastUpgradeCheck = 1430;
				TargetAttributes = {
					AFCB27332A694F0C0027F4FF = {
						CreatedOnToolsVersion = 14.3;
					};
				};
			};
			buildConfigurationList = AFCB272F2A694F0C0027F4FF /* Build configuration list for PBXProject "MSG_toyproject" */;
			compatibilityVersion = "Xcode 14.0";
			developmentRegion = en;
			hasScannedForEncodings = 0;
			knownRegions = (
				en,
				Base,
			);
			mainGroup = AFCB272B2A694F0C0027F4FF;
			productRefGroup = AFCB27352A694F0C0027F4FF /* Products */;
			projectDirPath = "";
			projectRoot = "";
			targets = (
				AFCB27332A694F0C0027F4FF /* MSG_toyproject */,
			);
		};
/* End PBXProject section */

/* Begin PBXResourcesBuildPhase section */
		AFCB27322A694F0C0027F4FF /* Resources */ = {
			isa = PBXResourcesBuildPhase;
			buildActionMask = 2147483647;
			files = (
				AFCB273F2A694F0E0027F4FF /* Preview Assets.xcassets in Resources */,
				AFCB273C2A694F0E0027F4FF /* Assets.xcassets in Resources */,
			);
			runOnlyForDeploymentPostprocessing = 0;
		};
/* End PBXResourcesBuildPhase section */

/* Begin PBXSourcesBuildPhase section */
		AFCB27302A694F0C0027F4FF /* Sources */ = {
			isa = PBXSourcesBuildPhase;
			buildActionMask = 2147483647;
			files = (
				AFA46B732A6DFC9A0045D207 /* Diary.swift in Sources */,
				AFCB27442A694F0E0027F4FF /* MSG_toyproject.xcdatamodeld in Sources */,
				AFA46B712A6DFBD50045D207 /* Todo.swift in Sources */,
				AFCB27412A694F0E0027F4FF /* Persistence.swift in Sources */,
				AFCB273A2A694F0C0027F4FF /* ContentView.swift in Sources */,
				AFCB27382A694F0C0027F4FF /* MSG_toyprojectApp.swift in Sources */,
			);
			runOnlyForDeploymentPostprocessing = 0;
		};
/* End PBXSourcesBuildPhase section */

/* Begin XCBuildConfiguration section */
		AFCB27452A694F0E0027F4FF /* Debug */ = {
			isa = XCBuildConfiguration;
			buildSettings = {
				ALWAYS_SEARCH_USER_PATHS = NO;
				CLANG_ANALYZER_NONNULL = YES;
				CLANG_ANALYZER_NUMBER_OBJECT_CONVERSION = YES_AGGRESSIVE;
				CLANG_CXX_LANGUAGE_STANDARD = "gnu++20";
				CLANG_ENABLE_MODULES = YES;
				CLANG_ENABLE_OBJC_ARC = YES;
				CLANG_ENABLE_OBJC_WEAK = YES;
				CLANG_WARN_BLOCK_CAPTURE_AUTORELEASING = YES;
				CLANG_WARN_BOOL_CONVERSION = YES;
				CLANG_WARN_COMMA = YES;
				CLANG_WARN_CONSTANT_CONVERSION = YES;
				CLANG_WARN_DEPRECATED_OBJC_IMPLEMENTATIONS = YES;
				CLANG_WARN_DIRECT_OBJC_ISA_USAGE = YES_ERROR;
				CLANG_WARN_DOCUMENTATION_COMMENTS = YES;
				CLANG_WARN_EMPTY_BODY = YES;
				CLANG_WARN_ENUM_CONVERSION = YES;
				CLANG_WARN_INFINITE_RECURSION = YES;
				CLANG_WARN_INT_CONVERSION = YES;
				CLANG_WARN_NON_LITERAL_NULL_CONVERSION = YES;
				CLANG_WARN_OBJC_IMPLICIT_RETAIN_SELF = YES;
				CLANG_WARN_OBJC_LITERAL_CONVERSION = YES;
				CLANG_WARN_OBJC_ROOT_CLASS = YES_ERROR;
				CLANG_WARN_QUOTED_INCLUDE_IN_FRAMEWORK_HEADER = YES;
				CLANG_WARN_RANGE_LOOP_ANALYSIS = YES;
				CLANG_WARN_STRICT_PROTOTYPES = YES;
				CLANG_WARN_SUSPICIOUS_MOVE = YES;
				CLANG_WARN_UNGUARDED_AVAILABILITY = YES_AGGRESSIVE;
				CLANG_WARN_UNREACHABLE_CODE = YES;
				CLANG_WARN__DUPLICATE_METHOD_MATCH = YES;
				COPY_PHASE_STRIP = NO;
				DEBUG_INFORMATION_FORMAT = dwarf;
				ENABLE_STRICT_OBJC_MSGSEND = YES;
				ENABLE_TESTABILITY = YES;
				GCC_C_LANGUAGE_STANDARD = gnu11;
				GCC_DYNAMIC_NO_PIC = NO;
				GCC_NO_COMMON_BLOCKS = YES;
				GCC_OPTIMIZATION_LEVEL = 0;
				GCC_PREPROCESSOR_DEFINITIONS = (
					"DEBUG=1",
					"$(inherited)",
				);
				GCC_WARN_64_TO_32_BIT_CONVERSION = YES;
				GCC_WARN_ABOUT_RETURN_TYPE = YES_ERROR;
				GCC_WARN_UNDECLARED_SELECTOR = YES;
				GCC_WARN_UNINITIALIZED_AUTOS = YES_AGGRESSIVE;
				GCC_WARN_UNUSED_FUNCTION = YES;
				GCC_WARN_UNUSED_VARIABLE = YES;
				IPHONEOS_DEPLOYMENT_TARGET = 16.4;
				MTL_ENABLE_DEBUG_INFO = INCLUDE_SOURCE;
				MTL_FAST_MATH = YES;
				ONLY_ACTIVE_ARCH = YES;
				SDKROOT = iphoneos;
				SWIFT_ACTIVE_COMPILATION_CONDITIONS = DEBUG;
				SWIFT_OPTIMIZATION_LEVEL = "-Onone";
			};
			name = Debug;
		};
		AFCB27462A694F0E0027F4FF /* Release */ = {
			isa = XCBuildConfiguration;
			buildSettings = {
				ALWAYS_SEARCH_USER_PATHS = NO;
				CLANG_ANALYZER_NONNULL = YES;
				CLANG_ANALYZER_NUMBER_OBJECT_CONVERSION = YES_AGGRESSIVE;
				CLANG_CXX_LANGUAGE_STANDARD = "gnu++20";
				CLANG_ENABLE_MODULES = YES;
				CLANG_ENABLE_OBJC_ARC = YES;
				CLANG_ENABLE_OBJC_WEAK = YES;
				CLANG_WARN_BLOCK_CAPTURE_AUTORELEASING = YES;
				CLANG_WARN_BOOL_CONVERSION = YES;
				CLANG_WARN_COMMA = YES;
				CLANG_WARN_CONSTANT_CONVERSION = YES;
				CLANG_WARN_DEPRECATED_OBJC_IMPLEMENTATIONS = YES;
				CLANG_WARN_DIRECT_OBJC_ISA_USAGE = YES_ERROR;
				CLANG_WARN_DOCUMENTATION_COMMENTS = YES;
				CLANG_WARN_EMPTY_BODY = YES;
				CLANG_WARN_ENUM_CONVERSION = YES;
				CLANG_WARN_INFINITE_RECURSION = YES;
				CLANG_WARN_INT_CONVERSION = YES;
				CLANG_WARN_NON_LITERAL_NULL_CONVERSION = YES;
				CLANG_WARN_OBJC_IMPLICIT_RETAIN_SELF = YES;
				CLANG_WARN_OBJC_LITERAL_CONVERSION = YES;
				CLANG_WARN_OBJC_ROOT_CLASS = YES_ERROR;
				CLANG_WARN_QUOTED_INCLUDE_IN_FRAMEWORK_HEADER = YES;
				CLANG_WARN_RANGE_LOOP_ANALYSIS = YES;
				CLANG_WARN_STRICT_PROTOTYPES = YES;
				CLANG_WARN_SUSPICIOUS_MOVE = YES;
				CLANG_WARN_UNGUARDED_AVAILABILITY = YES_AGGRESSIVE;
				CLANG_WARN_UNREACHABLE_CODE = YES;
				CLANG_WARN__DUPLICATE_METHOD_MATCH = YES;
				COPY_PHASE_STRIP = NO;
				DEBUG_INFORMATION_FORMAT = "dwarf-with-dsym";
				ENABLE_NS_ASSERTIONS = NO;
				ENABLE_STRICT_OBJC_MSGSEND = YES;
				GCC_C_LANGUAGE_STANDARD = gnu11;
				GCC_NO_COMMON_BLOCKS = YES;
				GCC_WARN_64_TO_32_BIT_CONVERSION = YES;
				GCC_WARN_ABOUT_RETURN_TYPE = YES_ERROR;
				GCC_WARN_UNDECLARED_SELECTOR = YES;
				GCC_WARN_UNINITIALIZED_AUTOS = YES_AGGRESSIVE;
				GCC_WARN_UNUSED_FUNCTION = YES;
				GCC_WARN_UNUSED_VARIABLE = YES;
				IPHONEOS_DEPLOYMENT_TARGET = 16.4;
				MTL_ENABLE_DEBUG_INFO = NO;
				MTL_FAST_MATH = YES;
				SDKROOT = iphoneos;
				SWIFT_COMPILATION_MODE = wholemodule;
				SWIFT_OPTIMIZATION_LEVEL = "-O";
				VALIDATE_PRODUCT = YES;
			};
			name = Release;
		};
		AFCB27482A694F0E0027F4FF /* Debug */ = {
			isa = XCBuildConfiguration;
			buildSettings = {
				ASSETCATALOG_COMPILER_APPICON_NAME = AppIcon;
				ASSETCATALOG_COMPILER_GLOBAL_ACCENT_COLOR_NAME = AccentColor;
				CODE_SIGN_STYLE = Automatic;
				CURRENT_PROJECT_VERSION = 1;
				DEVELOPMENT_ASSET_PATHS = "\"MSG_toyproject/Preview Content\"";
				ENABLE_PREVIEWS = YES;
				GENERATE_INFOPLIST_FILE = YES;
				INFOPLIST_KEY_UIApplicationSceneManifest_Generation = YES;
				INFOPLIST_KEY_UIApplicationSupportsIndirectInputEvents = YES;
				INFOPLIST_KEY_UILaunchScreen_Generation = YES;
				INFOPLIST_KEY_UISupportedInterfaceOrientations_iPad = "UIInterfaceOrientationPortrait UIInterfaceOrientationPortraitUpsideDown UIInterfaceOrientationLandscapeLeft UIInterfaceOrientationLandscapeRight";
				INFOPLIST_KEY_UISupportedInterfaceOrientations_iPhone = "UIInterfaceOrientationPortrait UIInterfaceOrientationLandscapeLeft UIInterfaceOrientationLandscapeRight";
				LD_RUNPATH_SEARCH_PATHS = (
					"$(inherited)",
					"@executable_path/Frameworks",
				);
				MARKETING_VERSION = 1.0;
				PRODUCT_BUNDLE_IDENTIFIER = "shwaaaa.MSG-toyproject";
				PRODUCT_NAME = "$(TARGET_NAME)";
				SWIFT_EMIT_LOC_STRINGS = YES;
				SWIFT_VERSION = 5.0;
				TARGETED_DEVICE_FAMILY = "1,2";
			};
			name = Debug;
		};
		AFCB27492A694F0E0027F4FF /* Release */ = {
			isa = XCBuildConfiguration;
			buildSettings = {
				ASSETCATALOG_COMPILER_APPICON_NAME = AppIcon;
				ASSETCATALOG_COMPILER_GLOBAL_ACCENT_COLOR_NAME = AccentColor;
				CODE_SIGN_STYLE = Automatic;
				CURRENT_PROJECT_VERSION = 1;
				DEVELOPMENT_ASSET_PATHS = "\"MSG_toyproject/Preview Content\"";
				ENABLE_PREVIEWS = YES;
				GENERATE_INFOPLIST_FILE = YES;
				INFOPLIST_KEY_UIApplicationSceneManifest_Generation = YES;
				INFOPLIST_KEY_UIApplicationSupportsIndirectInputEvents = YES;
				INFOPLIST_KEY_UILaunchScreen_Generation = YES;
				INFOPLIST_KEY_UISupportedInterfaceOrientations_iPad = "UIInterfaceOrientationPortrait UIInterfaceOrientationPortraitUpsideDown UIInterfaceOrientationLandscapeLeft UIInterfaceOrientationLandscapeRight";
				INFOPLIST_KEY_UISupportedInterfaceOrientations_iPhone = "UIInterfaceOrientationPortrait UIInterfaceOrientationLandscapeLeft UIInterfaceOrientationLandscapeRight";
				LD_RUNPATH_SEARCH_PATHS = (
					"$(inherited)",
					"@executable_path/Frameworks",
				);
				MARKETING_VERSION = 1.0;
				PRODUCT_BUNDLE_IDENTIFIER = "shwaaaa.MSG-toyproject";
				PRODUCT_NAME = "$(TARGET_NAME)";
				SWIFT_EMIT_LOC_STRINGS = YES;
				SWIFT_VERSION = 5.0;
				TARGETED_DEVICE_FAMILY = "1,2";
			};
			name = Release;
		};
/* End XCBuildConfiguration section */

/* Begin XCConfigurationList section */
		AFCB272F2A694F0C0027F4FF /* Build configuration list for PBXProject "MSG_toyproject" */ = {
			isa = XCConfigurationList;
			buildConfigurations = (
				AFCB27452A694F0E0027F4FF /* Debug */,
				AFCB27462A694F0E0027F4FF /* Release */,
			);
			defaultConfigurationIsVisible = 0;
			defaultConfigurationName = Release;
		};
		AFCB27472A694F0E0027F4FF /* Build configuration list for PBXNativeTarget "MSG_toyproject" */ = {
			isa = XCConfigurationList;
			buildConfigurations = (
				AFCB27482A694F0E0027F4FF /* Debug */,
				AFCB27492A694F0E0027F4FF /* Release */,
			);
			defaultConfigurationIsVisible = 0;
			defaultConfigurationName = Release;
		};
/* End XCConfigurationList section */

/* Begin XCVersionGroup section */
		AFCB27422A694F0E0027F4FF /* MSG_toyproject.xcdatamodeld */ = {
			isa = XCVersionGroup;
			children = (
				AFCB27432A694F0E0027F4FF /* MSG_toyproject.xcdatamodel */,
			);
			currentVersion = AFCB27432A694F0E0027F4FF /* MSG_toyproject.xcdatamodel */;
			path = MSG_toyproject.xcdatamodeld;
			sourceTree = "<group>";
			versionGroupType = wrapper.xcdatamodel;
		};
/* End XCVersionGroup section */
	};
	rootObject = AFCB272C2A694F0C0027F4FF /* Project object */;
}
