// !$*UTF8*$!
{
	archiveVersion = 1;
	classes = {
	};
	objectVersion = 56;
	objects = {

/* Begin PBXBuildFile section */
		AFCB27812A6B9BE10027F4FF /* LandmarksApp.swift in Sources */ = {isa = PBXBuildFile; fileRef = AFCB27802A6B9BE10027F4FF /* LandmarksApp.swift */; };
		AFCB27832A6B9BE10027F4FF /* ContentView.swift in Sources */ = {isa = PBXBuildFile; fileRef = AFCB27822A6B9BE10027F4FF /* ContentView.swift */; };
		AFCB27852A6B9BE30027F4FF /* Assets.xcassets in Resources */ = {isa = PBXBuildFile; fileRef = AFCB27842A6B9BE30027F4FF /* Assets.xcassets */; };
		AFCB278F2A6B9D640027F4FF /* CircleImage.swift in Sources */ = {isa = PBXBuildFile; fileRef = AFCB278E2A6B9D640027F4FF /* CircleImage.swift */; };
		AFCB27912A6B9E580027F4FF /* MapView.swift in Sources */ = {isa = PBXBuildFile; fileRef = AFCB27902A6B9E580027F4FF /* MapView.swift */; };
		AFCB27B02A6BA1BA0027F4FF /* Landmark.swift in Sources */ = {isa = PBXBuildFile; fileRef = AFCB27AF2A6BA1BA0027F4FF /* Landmark.swift */; };
		AFCB27B42A6BA51B0027F4FF /* ModelData.swift in Sources */ = {isa = PBXBuildFile; fileRef = AFCB27B32A6BA51B0027F4FF /* ModelData.swift */; };
		AFCB27B82A6BA6170027F4FF /* landmarkData.json in Resources */ = {isa = PBXBuildFile; fileRef = AFCB27B72A6BA6170027F4FF /* landmarkData.json */; };
		AFCB27C22A6BA7290027F4FF /* LandmarkRow.swift in Sources */ = {isa = PBXBuildFile; fileRef = AFCB27C12A6BA7290027F4FF /* LandmarkRow.swift */; };
		AFCB27C42A6BA9D50027F4FF /* LandmarkList.swift in Sources */ = {isa = PBXBuildFile; fileRef = AFCB27C32A6BA9D50027F4FF /* LandmarkList.swift */; };
		AFCB27C62A6BAA8C0027F4FF /* LandmarkDetail.swift in Sources */ = {isa = PBXBuildFile; fileRef = AFCB27C52A6BAA8C0027F4FF /* LandmarkDetail.swift */; };
		AFCB27C82A6BB54A0027F4FF /* FavoriteButton.swift in Sources */ = {isa = PBXBuildFile; fileRef = AFCB27C72A6BB54A0027F4FF /* FavoriteButton.swift */; };
/* End PBXBuildFile section */

/* Begin PBXFileReference section */
		AFCB277D2A6B9BE10027F4FF /* Landmarks.app */ = {isa = PBXFileReference; explicitFileType = wrapper.application; includeInIndex = 0; path = Landmarks.app; sourceTree = BUILT_PRODUCTS_DIR; };
		AFCB27802A6B9BE10027F4FF /* LandmarksApp.swift */ = {isa = PBXFileReference; lastKnownFileType = sourcecode.swift; path = LandmarksApp.swift; sourceTree = "<group>"; };
		AFCB27822A6B9BE10027F4FF /* ContentView.swift */ = {isa = PBXFileReference; lastKnownFileType = sourcecode.swift; path = ContentView.swift; sourceTree = "<group>"; };
		AFCB27842A6B9BE30027F4FF /* Assets.xcassets */ = {isa = PBXFileReference; lastKnownFileType = folder.assetcatalog; path = Assets.xcassets; sourceTree = "<group>"; };
		AFCB278E2A6B9D640027F4FF /* CircleImage.swift */ = {isa = PBXFileReference; lastKnownFileType = sourcecode.swift; path = CircleImage.swift; sourceTree = "<group>"; };
		AFCB27902A6B9E580027F4FF /* MapView.swift */ = {isa = PBXFileReference; lastKnownFileType = sourcecode.swift; path = MapView.swift; sourceTree = "<group>"; };
		AFCB27AF2A6BA1BA0027F4FF /* Landmark.swift */ = {isa = PBXFileReference; lastKnownFileType = sourcecode.swift; path = Landmark.swift; sourceTree = "<group>"; };
		AFCB27B32A6BA51B0027F4FF /* ModelData.swift */ = {isa = PBXFileReference; lastKnownFileType = sourcecode.swift; path = ModelData.swift; sourceTree = "<group>"; };
		AFCB27B72A6BA6170027F4FF /* landmarkData.json */ = {isa = PBXFileReference; fileEncoding = 4; lastKnownFileType = text.json; path = landmarkData.json; sourceTree = "<group>"; };
		AFCB27C12A6BA7290027F4FF /* LandmarkRow.swift */ = {isa = PBXFileReference; lastKnownFileType = sourcecode.swift; path = LandmarkRow.swift; sourceTree = "<group>"; };
		AFCB27C32A6BA9D50027F4FF /* LandmarkList.swift */ = {isa = PBXFileReference; lastKnownFileType = sourcecode.swift; path = LandmarkList.swift; sourceTree = "<group>"; };
		AFCB27C52A6BAA8C0027F4FF /* LandmarkDetail.swift */ = {isa = PBXFileReference; lastKnownFileType = sourcecode.swift; path = LandmarkDetail.swift; sourceTree = "<group>"; };
		AFCB27C72A6BB54A0027F4FF /* FavoriteButton.swift */ = {isa = PBXFileReference; lastKnownFileType = sourcecode.swift; path = FavoriteButton.swift; sourceTree = "<group>"; };
/* End PBXFileReference section */

/* Begin PBXFrameworksBuildPhase section */
		AFCB277A2A6B9BE10027F4FF /* Frameworks */ = {
			isa = PBXFrameworksBuildPhase;
			buildActionMask = 2147483647;
			files = (
			);
			runOnlyForDeploymentPostprocessing = 0;
		};
/* End PBXFrameworksBuildPhase section */

/* Begin PBXGroup section */
		AFCB27742A6B9BE10027F4FF = {
			isa = PBXGroup;
			children = (
				AFCB277F2A6B9BE10027F4FF /* Landmarks */,
				AFCB277E2A6B9BE10027F4FF /* Products */,
			);
			sourceTree = "<group>";
		};
		AFCB277E2A6B9BE10027F4FF /* Products */ = {
			isa = PBXGroup;
			children = (
				AFCB277D2A6B9BE10027F4FF /* Landmarks.app */,
			);
			name = Products;
			sourceTree = "<group>";
		};
		AFCB277F2A6B9BE10027F4FF /* Landmarks */ = {
			isa = PBXGroup;
			children = (
				AFCB27802A6B9BE10027F4FF /* LandmarksApp.swift */,
				AFCB27B62A6BA5780027F4FF /* Model */,
				AFCB27B52A6BA5510027F4FF /* Views */,
				AFCB27842A6B9BE30027F4FF /* Assets.xcassets */,
				AFCB27BC2A6BA66C0027F4FF /* Resources */,
				AFCB27862A6B9BE30027F4FF /* Preview Content */,
			);
			path = Landmarks;
			sourceTree = "<group>";
		};
		AFCB27862A6B9BE30027F4FF /* Preview Content */ = {
			isa = PBXGroup;
			children = (
			);
			path = "Preview Content";
			sourceTree = "<group>";
		};
		AFCB27B52A6BA5510027F4FF /* Views */ = {
			isa = PBXGroup;
			children = (
				AFCB27902A6B9E580027F4FF /* MapView.swift */,
				AFCB278E2A6B9D640027F4FF /* CircleImage.swift */,
				AFCB27822A6B9BE10027F4FF /* ContentView.swift */,
				AFCB27C12A6BA7290027F4FF /* LandmarkRow.swift */,
				AFCB27C32A6BA9D50027F4FF /* LandmarkList.swift */,
				AFCB27C52A6BAA8C0027F4FF /* LandmarkDetail.swift */,
				AFCB27C72A6BB54A0027F4FF /* FavoriteButton.swift */,
			);
			path = Views;
			sourceTree = "<group>";
		};
		AFCB27B62A6BA5780027F4FF /* Model */ = {
			isa = PBXGroup;
			children = (
				AFCB27B32A6BA51B0027F4FF /* ModelData.swift */,
				AFCB27AF2A6BA1BA0027F4FF /* Landmark.swift */,
			);
			path = Model;
			sourceTree = "<group>";
		};
		AFCB27BC2A6BA66C0027F4FF /* Resources */ = {
			isa = PBXGroup;
			children = (
				AFCB27B72A6BA6170027F4FF /* landmarkData.json */,
			);
			path = Resources;
			sourceTree = "<group>";
		};
/* End PBXGroup section */

/* Begin PBXNativeTarget section */
		AFCB277C2A6B9BE10027F4FF /* Landmarks */ = {
			isa = PBXNativeTarget;
			buildConfigurationList = AFCB278B2A6B9BE30027F4FF /* Build configuration list for PBXNativeTarget "Landmarks" */;
			buildPhases = (
				AFCB27792A6B9BE10027F4FF /* Sources */,
				AFCB277A2A6B9BE10027F4FF /* Frameworks */,
				AFCB277B2A6B9BE10027F4FF /* Resources */,
			);
			buildRules = (
			);
			dependencies = (
			);
			name = Landmarks;
			productName = Landmarks;
			productReference = AFCB277D2A6B9BE10027F4FF /* Landmarks.app */;
			productType = "com.apple.product-type.application";
		};
/* End PBXNativeTarget section */

/* Begin PBXProject section */
		AFCB27752A6B9BE10027F4FF /* Project object */ = {
			isa = PBXProject;
			attributes = {
				BuildIndependentTargetsInParallel = 1;
				LastSwiftUpdateCheck = 1430;
				LastUpgradeCheck = 1430;
				TargetAttributes = {
					AFCB277C2A6B9BE10027F4FF = {
						CreatedOnToolsVersion = 14.3;
					};
				};
			};
			buildConfigurationList = AFCB27782A6B9BE10027F4FF /* Build configuration list for PBXProject "Landmarks" */;
			compatibilityVersion = "Xcode 14.0";
			developmentRegion = en;
			hasScannedForEncodings = 0;
			knownRegions = (
				en,
				Base,
			);
			mainGroup = AFCB27742A6B9BE10027F4FF;
			productRefGroup = AFCB277E2A6B9BE10027F4FF /* Products */;
			projectDirPath = "";
			projectRoot = "";
			targets = (
				AFCB277C2A6B9BE10027F4FF /* Landmarks */,
			);
		};
/* End PBXProject section */

/* Begin PBXResourcesBuildPhase section */
		AFCB277B2A6B9BE10027F4FF /* Resources */ = {
			isa = PBXResourcesBuildPhase;
			buildActionMask = 2147483647;
			files = (
				AFCB27852A6B9BE30027F4FF /* Assets.xcassets in Resources */,
				AFCB27B82A6BA6170027F4FF /* landmarkData.json in Resources */,
			);
			runOnlyForDeploymentPostprocessing = 0;
		};
/* End PBXResourcesBuildPhase section */

/* Begin PBXSourcesBuildPhase section */
		AFCB27792A6B9BE10027F4FF /* Sources */ = {
			isa = PBXSourcesBuildPhase;
			buildActionMask = 2147483647;
			files = (
				AFCB27832A6B9BE10027F4FF /* ContentView.swift in Sources */,
				AFCB27912A6B9E580027F4FF /* MapView.swift in Sources */,
				AFCB27812A6B9BE10027F4FF /* LandmarksApp.swift in Sources */,
				AFCB27C82A6BB54A0027F4FF /* FavoriteButton.swift in Sources */,
				AFCB27C42A6BA9D50027F4FF /* LandmarkList.swift in Sources */,
				AFCB27C62A6BAA8C0027F4FF /* LandmarkDetail.swift in Sources */,
				AFCB278F2A6B9D640027F4FF /* CircleImage.swift in Sources */,
				AFCB27B02A6BA1BA0027F4FF /* Landmark.swift in Sources */,
				AFCB27C22A6BA7290027F4FF /* LandmarkRow.swift in Sources */,
				AFCB27B42A6BA51B0027F4FF /* ModelData.swift in Sources */,
			);
			runOnlyForDeploymentPostprocessing = 0;
		};
/* End PBXSourcesBuildPhase section */

/* Begin XCBuildConfiguration section */
		AFCB27892A6B9BE30027F4FF /* Debug */ = {
			isa = XCBuildConfiguration;
			buildSettings = {
				ALWAYS_SEARCH_USER_PATHS = NO;
				CLANG_ANALYZER_NONNULL = YES;
				CLANG_ANALYZER_NUMBER_OBJECT_CONVERSION = YES_AGGRESSIVE;
				CLANG_CXX_LANGUAGE_STANDARD = "gnu++20";
				CLANG_ENABLE_MODULES = YES;
				CLANG_ENABLE_OBJC_ARC = YES;
				CLANG_ENABLE_OBJC_WEAK = YES;
				CLANG_WARN_BLOCK_CAPTURE_AUTORELEASING = YES;
				CLANG_WARN_BOOL_CONVERSION = YES;
				CLANG_WARN_COMMA = YES;
				CLANG_WARN_CONSTANT_CONVERSION = YES;
				CLANG_WARN_DEPRECATED_OBJC_IMPLEMENTATIONS = YES;
				CLANG_WARN_DIRECT_OBJC_ISA_USAGE = YES_ERROR;
				CLANG_WARN_DOCUMENTATION_COMMENTS = YES;
				CLANG_WARN_EMPTY_BODY = YES;
				CLANG_WARN_ENUM_CONVERSION = YES;
				CLANG_WARN_INFINITE_RECURSION = YES;
				CLANG_WARN_INT_CONVERSION = YES;
				CLANG_WARN_NON_LITERAL_NULL_CONVERSION = YES;
				CLANG_WARN_OBJC_IMPLICIT_RETAIN_SELF = YES;
				CLANG_WARN_OBJC_LITERAL_CONVERSION = YES;
				CLANG_WARN_OBJC_ROOT_CLASS = YES_ERROR;
				CLANG_WARN_QUOTED_INCLUDE_IN_FRAMEWORK_HEADER = YES;
				CLANG_WARN_RANGE_LOOP_ANALYSIS = YES;
				CLANG_WARN_STRICT_PROTOTYPES = YES;
				CLANG_WARN_SUSPICIOUS_MOVE = YES;
				CLANG_WARN_UNGUARDED_AVAILABILITY = YES_AGGRESSIVE;
				CLANG_WARN_UNREACHABLE_CODE = YES;
				CLANG_WARN__DUPLICATE_METHOD_MATCH = YES;
				COPY_PHASE_STRIP = NO;
				DEBUG_INFORMATION_FORMAT = dwarf;
				ENABLE_STRICT_OBJC_MSGSEND = YES;
				ENABLE_TESTABILITY = YES;
				GCC_C_LANGUAGE_STANDARD = gnu11;
				GCC_DYNAMIC_NO_PIC = NO;
				GCC_NO_COMMON_BLOCKS = YES;
				GCC_OPTIMIZATION_LEVEL = 0;
				GCC_PREPROCESSOR_DEFINITIONS = (
					"DEBUG=1",
					"$(inherited)",
				);
				GCC_WARN_64_TO_32_BIT_CONVERSION = YES;
				GCC_WARN_ABOUT_RETURN_TYPE = YES_ERROR;
				GCC_WARN_UNDECLARED_SELECTOR = YES;
				GCC_WARN_UNINITIALIZED_AUTOS = YES_AGGRESSIVE;
				GCC_WARN_UNUSED_FUNCTION = YES;
				GCC_WARN_UNUSED_VARIABLE = YES;
				IPHONEOS_DEPLOYMENT_TARGET = 16.4;
				MTL_ENABLE_DEBUG_INFO = INCLUDE_SOURCE;
				MTL_FAST_MATH = YES;
				ONLY_ACTIVE_ARCH = YES;
				SDKROOT = iphoneos;
				SWIFT_ACTIVE_COMPILATION_CONDITIONS = DEBUG;
				SWIFT_OPTIMIZATION_LEVEL = "-Onone";
			};
			name = Debug;
		};
		AFCB278A2A6B9BE30027F4FF /* Release */ = {
			isa = XCBuildConfiguration;
			buildSettings = {
				ALWAYS_SEARCH_USER_PATHS = NO;
				CLANG_ANALYZER_NONNULL = YES;
				CLANG_ANALYZER_NUMBER_OBJECT_CONVERSION = YES_AGGRESSIVE;
				CLANG_CXX_LANGUAGE_STANDARD = "gnu++20";
				CLANG_ENABLE_MODULES = YES;
				CLANG_ENABLE_OBJC_ARC = YES;
				CLANG_ENABLE_OBJC_WEAK = YES;
				CLANG_WARN_BLOCK_CAPTURE_AUTORELEASING = YES;
				CLANG_WARN_BOOL_CONVERSION = YES;
				CLANG_WARN_COMMA = YES;
				CLANG_WARN_CONSTANT_CONVERSION = YES;
				CLANG_WARN_DEPRECATED_OBJC_IMPLEMENTATIONS = YES;
				CLANG_WARN_DIRECT_OBJC_ISA_USAGE = YES_ERROR;
				CLANG_WARN_DOCUMENTATION_COMMENTS = YES;
				CLANG_WARN_EMPTY_BODY = YES;
				CLANG_WARN_ENUM_CONVERSION = YES;
				CLANG_WARN_INFINITE_RECURSION = YES;
				CLANG_WARN_INT_CONVERSION = YES;
				CLANG_WARN_NON_LITERAL_NULL_CONVERSION = YES;
				CLANG_WARN_OBJC_IMPLICIT_RETAIN_SELF = YES;
				CLANG_WARN_OBJC_LITERAL_CONVERSION = YES;
				CLANG_WARN_OBJC_ROOT_CLASS = YES_ERROR;
				CLANG_WARN_QUOTED_INCLUDE_IN_FRAMEWORK_HEADER = YES;
				CLANG_WARN_RANGE_LOOP_ANALYSIS = YES;
				CLANG_WARN_STRICT_PROTOTYPES = YES;
				CLANG_WARN_SUSPICIOUS_MOVE = YES;
				CLANG_WARN_UNGUARDED_AVAILABILITY = YES_AGGRESSIVE;
				CLANG_WARN_UNREACHABLE_CODE = YES;
				CLANG_WARN__DUPLICATE_METHOD_MATCH = YES;
				COPY_PHASE_STRIP = NO;
				DEBUG_INFORMATION_FORMAT = "dwarf-with-dsym";
				ENABLE_NS_ASSERTIONS = NO;
				ENABLE_STRICT_OBJC_MSGSEND = YES;
				GCC_C_LANGUAGE_STANDARD = gnu11;
				GCC_NO_COMMON_BLOCKS = YES;
				GCC_WARN_64_TO_32_BIT_CONVERSION = YES;
				GCC_WARN_ABOUT_RETURN_TYPE = YES_ERROR;
				GCC_WARN_UNDECLARED_SELECTOR = YES;
				GCC_WARN_UNINITIALIZED_AUTOS = YES_AGGRESSIVE;
				GCC_WARN_UNUSED_FUNCTION = YES;
				GCC_WARN_UNUSED_VARIABLE = YES;
				IPHONEOS_DEPLOYMENT_TARGET = 16.4;
				MTL_ENABLE_DEBUG_INFO = NO;
				MTL_FAST_MATH = YES;
				SDKROOT = iphoneos;
				SWIFT_COMPILATION_MODE = wholemodule;
				SWIFT_OPTIMIZATION_LEVEL = "-O";
				VALIDATE_PRODUCT = YES;
			};
			name = Release;
		};
		AFCB278C2A6B9BE30027F4FF /* Debug */ = {
			isa = XCBuildConfiguration;
			buildSettings = {
				ASSETCATALOG_COMPILER_APPICON_NAME = AppIcon;
				ASSETCATALOG_COMPILER_GLOBAL_ACCENT_COLOR_NAME = AccentColor;
				CODE_SIGN_STYLE = Automatic;
				CURRENT_PROJECT_VERSION = 1;
				DEVELOPMENT_ASSET_PATHS = "\"Landmarks/Preview Content\"";
				ENABLE_PREVIEWS = YES;
				GENERATE_INFOPLIST_FILE = YES;
				INFOPLIST_KEY_UIApplicationSceneManifest_Generation = YES;
				INFOPLIST_KEY_UIApplicationSupportsIndirectInputEvents = YES;
				INFOPLIST_KEY_UILaunchScreen_Generation = YES;
				INFOPLIST_KEY_UISupportedInterfaceOrientations_iPad = "UIInterfaceOrientationPortrait UIInterfaceOrientationPortraitUpsideDown UIInterfaceOrientationLandscapeLeft UIInterfaceOrientationLandscapeRight";
				INFOPLIST_KEY_UISupportedInterfaceOrientations_iPhone = "UIInterfaceOrientationPortrait UIInterfaceOrientationLandscapeLeft UIInterfaceOrientationLandscapeRight";
				LD_RUNPATH_SEARCH_PATHS = (
					"$(inherited)",
					"@executable_path/Frameworks",
				);
				MARKETING_VERSION = 1.0;
				PRODUCT_BUNDLE_IDENTIFIER = shwaaaa.Landmarks;
				PRODUCT_NAME = "$(TARGET_NAME)";
				SWIFT_EMIT_LOC_STRINGS = YES;
				SWIFT_VERSION = 5.0;
				TARGETED_DEVICE_FAMILY = "1,2";
			};
			name = Debug;
		};
		AFCB278D2A6B9BE30027F4FF /* Release */ = {
			isa = XCBuildConfiguration;
			buildSettings = {
				ASSETCATALOG_COMPILER_APPICON_NAME = AppIcon;
				ASSETCATALOG_COMPILER_GLOBAL_ACCENT_COLOR_NAME = AccentColor;
				CODE_SIGN_STYLE = Automatic;
				CURRENT_PROJECT_VERSION = 1;
				DEVELOPMENT_ASSET_PATHS = "\"Landmarks/Preview Content\"";
				ENABLE_PREVIEWS = YES;
				GENERATE_INFOPLIST_FILE = YES;
				INFOPLIST_KEY_UIApplicationSceneManifest_Generation = YES;
				INFOPLIST_KEY_UIApplicationSupportsIndirectInputEvents = YES;
				INFOPLIST_KEY_UILaunchScreen_Generation = YES;
				INFOPLIST_KEY_UISupportedInterfaceOrientations_iPad = "UIInterfaceOrientationPortrait UIInterfaceOrientationPortraitUpsideDown UIInterfaceOrientationLandscapeLeft UIInterfaceOrientationLandscapeRight";
				INFOPLIST_KEY_UISupportedInterfaceOrientations_iPhone = "UIInterfaceOrientationPortrait UIInterfaceOrientationLandscapeLeft UIInterfaceOrientationLandscapeRight";
				LD_RUNPATH_SEARCH_PATHS = (
					"$(inherited)",
					"@executable_path/Frameworks",
				);
				MARKETING_VERSION = 1.0;
				PRODUCT_BUNDLE_IDENTIFIER = shwaaaa.Landmarks;
				PRODUCT_NAME = "$(TARGET_NAME)";
				SWIFT_EMIT_LOC_STRINGS = YES;
				SWIFT_VERSION = 5.0;
				TARGETED_DEVICE_FAMILY = "1,2";
			};
			name = Release;
		};
/* End XCBuildConfiguration section */

/* Begin XCConfigurationList section */
		AFCB27782A6B9BE10027F4FF /* Build configuration list for PBXProject "Landmarks" */ = {
			isa = XCConfigurationList;
			buildConfigurations = (
				AFCB27892A6B9BE30027F4FF /* Debug */,
				AFCB278A2A6B9BE30027F4FF /* Release */,
			);
			defaultConfigurationIsVisible = 0;
			defaultConfigurationName = Release;
		};
		AFCB278B2A6B9BE30027F4FF /* Build configuration list for PBXNativeTarget "Landmarks" */ = {
			isa = XCConfigurationList;
			buildConfigurations = (
				AFCB278C2A6B9BE30027F4FF /* Debug */,
				AFCB278D2A6B9BE30027F4FF /* Release */,
			);
			defaultConfigurationIsVisible = 0;
			defaultConfigurationName = Release;
		};
/* End XCConfigurationList section */
	};
	rootObject = AFCB27752A6B9BE10027F4FF /* Project object */;
}
